
Microsoft Visual Studio Solution File, Format Version 12.00
# Visual Studio 15
VisualStudioVersion = 15.0.28307.572
MinimumVisualStudioVersion = 10.0.40219.1
Project("{FAE04EC0-301F-11D3-BF4B-00C04F79EFBC}") = "QuanLyQuanNuoc", "QuanLyQuanNuoc\QuanLyQuanNuoc.csproj", "{5396A1D7-E0D3-49E8-9EE1-CAEAA8165774}"
EndProject
Global
	GlobalSection(SolutionConfigurationPlatforms) = preSolution
		Debug|Any CPU = Debug|Any CPU
		Release|Any CPU = Release|Any CPU
	EndGlobalSection
	GlobalSection(ProjectConfigurationPlatforms) = postSolution
		{5396A1D7-E0D3-49E8-9EE1-CAEAA8165774}.Debug|Any CPU.ActiveCfg = Debug|Any CPU
		{5396A1D7-E0D3-49E8-9EE1-CAEAA8165774}.Debug|Any CPU.Build.0 = Debug|Any CPU
		{5396A1D7-E0D3-49E8-9EE1-CAEAA8165774}.Release|Any CPU.ActiveCfg = Release|Any CPU
		{5396A1D7-E0D3-49E8-9EE1-CAEAA8165774}.Release|Any CPU.Build.0 = Release|Any CPU
	EndGlobalSection
	GlobalSection(SolutionProperties) = preSolution
		HideSolutionNode = FALSE
	EndGlobalSection
	GlobalSection(ExtensibilityGlobals) = postSolution
		SolutionGuid = {11E2B9F4-E181-430F-9A8F-4E6189158734}
	EndGlobalSection
EndGlobal
