
Microsoft Visual Studio Solution File, Format Version 12.00
# Visual Studio 15
VisualStudioVersion = 15.0.28307.572
MinimumVisualStudioVersion = 10.0.40219.1
Project("{FAE04EC0-301F-11D3-BF4B-00C04F79EFBC}") = "Web.Customer", "Web.Customer\Web.Customer.csproj", "{1D22048E-FF7F-4DDA-8AF5-222B5B2CCC65}"
EndProject
Global
	GlobalSection(SolutionConfigurationPlatforms) = preSolution
		Debug|Any CPU = Debug|Any CPU
		Release|Any CPU = Release|Any CPU
	EndGlobalSection
	GlobalSection(ProjectConfigurationPlatforms) = postSolution
		{1D22048E-FF7F-4DDA-8AF5-222B5B2CCC65}.Debug|Any CPU.ActiveCfg = Debug|Any CPU
		{1D22048E-FF7F-4DDA-8AF5-222B5B2CCC65}.Debug|Any CPU.Build.0 = Debug|Any CPU
		{1D22048E-FF7F-4DDA-8AF5-222B5B2CCC65}.Release|Any CPU.ActiveCfg = Release|Any CPU
		{1D22048E-FF7F-4DDA-8AF5-222B5B2CCC65}.Release|Any CPU.Build.0 = Release|Any CPU
	EndGlobalSection
	GlobalSection(SolutionProperties) = preSolution
		HideSolutionNode = FALSE
	EndGlobalSection
	GlobalSection(ExtensibilityGlobals) = postSolution
		SolutionGuid = {AEEB2466-25C6-486B-A616-FFA812BBF368}
	EndGlobalSection
EndGlobal
